
Microsoft Visual Studio Solution File, Format Version 12.00
# Visual Studio Version 17
VisualStudioVersion = 17.7.34003.232
MinimumVisualStudioVersion = 10.0.40219.1
Project("{FAE04EC0-301F-11D3-BF4B-00C04F79EFBC}") = "TercerParcial301", "TercerParcial301\TercerParcial301.csproj", "{7D1068AC-9DBF-4668-B2EF-4E4F01776721}"
EndProject
Global
	GlobalSection(SolutionConfigurationPlatforms) = preSolution
		Debug|Any CPU = Debug|Any CPU
		Release|Any CPU = Release|Any CPU
	EndGlobalSection
	GlobalSection(ProjectConfigurationPlatforms) = postSolution
		{7D1068AC-9DBF-4668-B2EF-4E4F01776721}.Debug|Any CPU.ActiveCfg = Debug|Any CPU
		{7D1068AC-9DBF-4668-B2EF-4E4F01776721}.Debug|Any CPU.Build.0 = Debug|Any CPU
		{7D1068AC-9DBF-4668-B2EF-4E4F01776721}.Release|Any CPU.ActiveCfg = Release|Any CPU
		{7D1068AC-9DBF-4668-B2EF-4E4F01776721}.Release|Any CPU.Build.0 = Release|Any CPU
	EndGlobalSection
	GlobalSection(SolutionProperties) = preSolution
		HideSolutionNode = FALSE
	EndGlobalSection
	GlobalSection(ExtensibilityGlobals) = postSolution
		SolutionGuid = {790333CE-6921-45BE-9D93-A254835E0B0F}
	EndGlobalSection
EndGlobal
